
Microsoft Visual Studio Solution File, Format Version 12.00
# Visual Studio 15
VisualStudioVersion = 15.0.33026.149
MinimumVisualStudioVersion = 10.0.40219.1
Project("{FAE04EC0-301F-11D3-BF4B-00C04F79EFBC}") = "QuizWiz", "QuizWiz\QuizWiz.csproj", "{4DA56067-8CC9-41A3-9413-FD1D17D73E31}"
EndProject
Global
	GlobalSection(SolutionConfigurationPlatforms) = preSolution
		Debug|Any CPU = Debug|Any CPU
		Release|Any CPU = Release|Any CPU
	EndGlobalSection
	GlobalSection(ProjectConfigurationPlatforms) = postSolution
		{4DA56067-8CC9-41A3-9413-FD1D17D73E31}.Debug|Any CPU.ActiveCfg = Debug|Any CPU
		{4DA56067-8CC9-41A3-9413-FD1D17D73E31}.Debug|Any CPU.Build.0 = Debug|Any CPU
		{4DA56067-8CC9-41A3-9413-FD1D17D73E31}.Release|Any CPU.ActiveCfg = Release|Any CPU
		{4DA56067-8CC9-41A3-9413-FD1D17D73E31}.Release|Any CPU.Build.0 = Release|Any CPU
	EndGlobalSection
	GlobalSection(SolutionProperties) = preSolution
		HideSolutionNode = FALSE
	EndGlobalSection
	GlobalSection(ExtensibilityGlobals) = postSolution
		SolutionGuid = {93F7527A-0CE8-41D0-8B78-A77FD9885DCB}
	EndGlobalSection
EndGlobal
